{
  "nodes": {
    "nixpkgs": {
      "locked": {
        "lastModified": 1782723713,
        "narHash": "sha256-oPXCU/SSUokcGaJREHibG1CBX3+s/W7orDWQOZDsEeQ=",
        "owner": "nixos",
        "repo": "nixpkgs",
        "rev": "b5aa0fbd538984f6e3d201be0005b4463d8b09f8",
        "type": "github"
      },
      "original": {
        "owner": "nixos",
        "ref": "nixos-unstable",
        "repo": "nixpkgs",
        "type": "github"
      }
    },
    "odin-overlay": {
      "inputs": {
        "nixpkgs": [
          "nixpkgs"
        ]
      },
      "locked": {
        "lastModified": 1783435212,
        "narHash": "sha256-yjdpPzSBuwtmw57djO7C7omGRjrF34qcExvpsR39m0g=",
        "owner": "couchpotato007",
        "repo": "odin-overlay",
        "rev": "29ff4a44300d0d4cba262c4f0d28d327d568a786",
        "type": "github"
      },
      "original": {
        "owner": "couchpotato007",
        "repo": "odin-overlay",
        "type": "github"
      }
    },
    "root": {
      "inputs": {
        "nixpkgs": "nixpkgs",
        "odin-overlay": "odin-overlay"
      }
    }
  },
  "root": "root",
  "version": 7
}
