{
  "nodes": {
    "nixpkgs": {
      "locked": {
        "lastModified": 1782723713,
        "narHash": "sha256-oPXCU/SSUokcGaJREHibG1CBX3+s/W7orDWQOZDsEeQ=",
        "owner": "nixos",
        "repo": "nixpkgs",
        "rev": "b5aa0fbd538984f6e3d201be0005b4463d8b09f8",
        "type": "github"
      },
      "original": {
        "owner": "nixos",
        "ref": "nixos-unstable",
        "repo": "nixpkgs",
        "type": "github"
      }
    },
    "odin-overlay": {
      "inputs": {
        "nixpkgs": [
          "nixpkgs"
        ]
      },
      "locked": {
        "lastModified": 1783512155,
        "narHash": "sha256-IZZvNVMkvPKnLnXKBTo5LSUVrb8UOaZ9ky/i9YI4Kj0=",
        "owner": "couchpotato007",
        "repo": "odin-overlay",
        "rev": "c050064edd62ddb001272c633de2c7d329cdc799",
        "type": "github"
      },
      "original": {
        "owner": "couchpotato007",
        "repo": "odin-overlay",
        "type": "github"
      }
    },
    "root": {
      "inputs": {
        "nixpkgs": "nixpkgs",
        "odin-overlay": "odin-overlay"
      }
    }
  },
  "root": "root",
  "version": 7
}
